
Microsoft Visual Studio Solution File, Format Version 12.00
# Visual Studio Version 17
VisualStudioVersion = 17.0.32112.339
MinimumVisualStudioVersion = 10.0.40219.1
Project("{9A19103F-16F7-4668-BE54-9A1E7A4F7556}") = "API", "API\API.csproj", "{BF15F9A3-C772-4010-94B8-A283EBD03AA8}"
EndProject
Global
	GlobalSection(SolutionConfigurationPlatforms) = preSolution
		Debug|Any CPU = Debug|Any CPU
		Release|Any CPU = Release|Any CPU
	EndGlobalSection
	GlobalSection(ProjectConfigurationPlatforms) = postSolution
		{BF15F9A3-C772-4010-94B8-A283EBD03AA8}.Debug|Any CPU.ActiveCfg = Debug|Any CPU
		{BF15F9A3-C772-4010-94B8-A283EBD03AA8}.Debug|Any CPU.Build.0 = Debug|Any CPU
		{BF15F9A3-C772-4010-94B8-A283EBD03AA8}.Release|Any CPU.ActiveCfg = Release|Any CPU
		{BF15F9A3-C772-4010-94B8-A283EBD03AA8}.Release|Any CPU.Build.0 = Release|Any CPU
	EndGlobalSection
	GlobalSection(SolutionProperties) = preSolution
		HideSolutionNode = FALSE
	EndGlobalSection
	GlobalSection(ExtensibilityGlobals) = postSolution
		SolutionGuid = {C5ACD815-AE54-401A-83CD-64CD41DC5525}
	EndGlobalSection
EndGlobal
